
Microsoft Visual Studio Solution File, Format Version 12.00
# Visual Studio Version 17
VisualStudioVersion = 17.14.36408.4 d17.14
MinimumVisualStudioVersion = 10.0.40219.1
Project("{FAE04EC0-301F-11D3-BF4B-00C04F79EFBC}") = "HRDCManagementSystem", "HRDCManagementSystem\HRDCManagementSystem.csproj", "{B510AEBE-1A83-4761-8610-D11142632123}"
EndProject
Global
	GlobalSection(SolutionConfigurationPlatforms) = preSolution
		Debug|Any CPU = Debug|Any CPU
		Release|Any CPU = Release|Any CPU
	EndGlobalSection
	GlobalSection(ProjectConfigurationPlatforms) = postSolution
		{B510AEBE-1A83-4761-8610-D11142632123}.Debug|Any CPU.ActiveCfg = Debug|Any CPU
		{B510AEBE-1A83-4761-8610-D11142632123}.Debug|Any CPU.Build.0 = Debug|Any CPU
		{B510AEBE-1A83-4761-8610-D11142632123}.Release|Any CPU.ActiveCfg = Release|Any CPU
		{B510AEBE-1A83-4761-8610-D11142632123}.Release|Any CPU.Build.0 = Release|Any CPU
	EndGlobalSection
	GlobalSection(SolutionProperties) = preSolution
		HideSolutionNode = FALSE
	EndGlobalSection
	GlobalSection(ExtensibilityGlobals) = postSolution
		SolutionGuid = {DA9114B9-39B6-44DD-9729-7606BC91365A}
	EndGlobalSection
EndGlobal
